<?xml version="1.0" encoding="utf-8"?>
<Project ToolsVersion="4.0" xmlns="http://schemas.microsoft.com/developer/msbuild/2003">
  <ItemGroup>
    <Filter Include="源文件">
      <UniqueIdentifier>{4FC737F1-C7A5-4376-A066-2A32D752A2FF}</UniqueIdentifier>
      <Extensions>cpp;c;cc;cxx;def;odl;idl;hpj;bat;asm;asmx</Extensions>
    </Filter>
    <Filter Include="头文件">
      <UniqueIdentifier>{93995380-89BD-4b04-88EB-625FBE52EBFB}</UniqueIdentifier>
      <Extensions>h;hpp;hxx;hm;inl;inc;xsd</Extensions>
    </Filter>
    <Filter Include="资源文件">
      <UniqueIdentifier>{67DA6AB6-F800-4c08-8B7A-83BB121AAD01}</UniqueIdentifier>
      <Extensions>rc;ico;cur;bmp;dlg;rc2;rct;bin;rgs;gif;jpg;jpeg;jpe;resx;tiff;tif;png;wav;mfcribbon-ms</Extensions>
    </Filter>
  </ItemGroup>
  <ItemGroup>
    <Text Include="ReadMe.txt" />
  </ItemGroup>
  <ItemGroup>
    <ClInclude Include="电脑管家.h">
      <Filter>头文件</Filter>
    </ClInclude>
    <ClInclude Include="电脑管家Dlg.h">
      <Filter>头文件</Filter>
    </ClInclude>
    <ClInclude Include="stdafx.h">
      <Filter>头文件</Filter>
    </ClInclude>
    <ClInclude Include="targetver.h">
      <Filter>头文件</Filter>
    </ClInclude>
    <ClInclude Include="Resource.h">
      <Filter>头文件</Filter>
    </ClInclude>
    <ClInclude Include="TabControl.h">
      <Filter>头文件</Filter>
    </ClInclude>
    <ClInclude Include="HomePage.h">
      <Filter>头文件</Filter>
    </ClInclude>
    <ClInclude Include="VirusScanner.h">
      <Filter>头文件</Filter>
    </ClInclude>
    <ClInclude Include="ServiceManagement.h">
      <Filter>头文件</Filter>
    </ClInclude>
    <ClInclude Include="UninstallTool.h">
      <Filter>头文件</Filter>
    </ClInclude>
    <ClInclude Include="StartupManager.h">
      <Filter>头文件</Filter>
    </ClInclude>
    <ClInclude Include="ListCtrl.h">
      <Filter>头文件</Filter>
    </ClInclude>
    <ClInclude Include="CleanSpace.h">
      <Filter>头文件</Filter>
    </ClInclude>
    <ClInclude Include="ImageButton.h">
      <Filter>头文件</Filter>
    </ClInclude>
    <ClInclude Include="MyListBox.h">
      <Filter>头文件</Filter>
    </ClInclude>
    <ClInclude Include="MyListCtrl.h">
      <Filter>头文件</Filter>
    </ClInclude>
    <ClInclude Include="ListButton.h">
      <Filter>头文件</Filter>
    </ClInclude>
    <ClInclude Include="MemoryOptimizer.h">
      <Filter>头文件</Filter>
    </ClInclude>
    <ClInclude Include="Md5.h">
      <Filter>源文件</Filter>
    </ClInclude>
    <ClInclude Include="AssignKill.h">
      <Filter>头文件</Filter>
    </ClInclude>
    <ClInclude Include="shockwaveflash1.h">
      <Filter>头文件</Filter>
    </ClInclude>
  </ItemGroup>
  <ItemGroup>
    <ClCompile Include="电脑管家.cpp">
      <Filter>源文件</Filter>
    </ClCompile>
    <ClCompile Include="电脑管家Dlg.cpp">
      <Filter>源文件</Filter>
    </ClCompile>
    <ClCompile Include="stdafx.cpp">
      <Filter>源文件</Filter>
    </ClCompile>
    <ClCompile Include="TabControl.cpp">
      <Filter>源文件</Filter>
    </ClCompile>
    <ClCompile Include="HomePage.cpp">
      <Filter>源文件</Filter>
    </ClCompile>
    <ClCompile Include="VirusScanner.cpp">
      <Filter>源文件</Filter>
    </ClCompile>
    <ClCompile Include="ServiceManagement.cpp">
      <Filter>源文件</Filter>
    </ClCompile>
    <ClCompile Include="UninstallTool.cpp">
      <Filter>源文件</Filter>
    </ClCompile>
    <ClCompile Include="StartupManager.cpp">
      <Filter>源文件</Filter>
    </ClCompile>
    <ClCompile Include="ListCtrl.cpp">
      <Filter>源文件</Filter>
    </ClCompile>
    <ClCompile Include="CleanSpace.cpp">
      <Filter>源文件</Filter>
    </ClCompile>
    <ClCompile Include="ImageButton.cpp">
      <Filter>源文件</Filter>
    </ClCompile>
    <ClCompile Include="MyListBox.cpp">
      <Filter>源文件</Filter>
    </ClCompile>
    <ClCompile Include="MyListCtrl.cpp">
      <Filter>源文件</Filter>
    </ClCompile>
    <ClCompile Include="ListButton.cpp">
      <Filter>源文件</Filter>
    </ClCompile>
    <ClCompile Include="MemoryOptimizer.cpp">
      <Filter>源文件</Filter>
    </ClCompile>
    <ClCompile Include="Md5.cpp">
      <Filter>源文件</Filter>
    </ClCompile>
    <ClCompile Include="AssignKill.cpp">
      <Filter>源文件</Filter>
    </ClCompile>
    <ClCompile Include="shockwaveflash1.cpp">
      <Filter>源文件</Filter>
    </ClCompile>
  </ItemGroup>
  <ItemGroup>
    <ResourceCompile Include="电脑管家.rc">
      <Filter>资源文件</Filter>
    </ResourceCompile>
  </ItemGroup>
  <ItemGroup>
    <None Include="res\My.rc2">
      <Filter>资源文件</Filter>
    </None>
    <None Include="NODROP.cur">
      <Filter>资源文件</Filter>
    </None>
  </ItemGroup>
  <ItemGroup>
    <Image Include="res\电脑管家.ico">
      <Filter>资源文件</Filter>
    </Image>
    <Image Include="res\icon1.ico">
      <Filter>资源文件</Filter>
    </Image>
    <Image Include="..\..\..\..\..\Desktop\homepage.ico">
      <Filter>资源文件</Filter>
    </Image>
    <Image Include="..\..\..\..\..\Desktop\VirusScanner.ico">
      <Filter>资源文件</Filter>
    </Image>
    <Image Include="..\..\..\..\..\Desktop\ServiceManagement.ico">
      <Filter>资源文件</Filter>
    </Image>
    <Image Include="..\..\..\..\..\Desktop\UninstallTool.ico">
      <Filter>资源文件</Filter>
    </Image>
    <Image Include="..\..\..\..\..\Desktop\StartupManager.ico">
      <Filter>资源文件</Filter>
    </Image>
    <Image Include="..\..\..\..\..\Desktop\QQ截图20151109114303.bmp">
      <Filter>资源文件</Filter>
    </Image>
    <Image Include="..\..\..\..\..\Desktop\005.bmp">
      <Filter>资源文件</Filter>
    </Image>
    <Image Include="..\..\..\..\..\Desktop\CleanSpace.ico">
      <Filter>资源文件</Filter>
    </Image>
    <Image Include="..\..\..\..\..\desktop\bitmap1.bmp">
      <Filter>资源文件</Filter>
    </Image>
    <Image Include="..\..\..\..\..\Desktop\CleanSpace.bmp">
      <Filter>资源文件</Filter>
    </Image>
    <Image Include="..\..\..\..\..\Desktop\222.png">
      <Filter>资源文件</Filter>
    </Image>
    <Image Include="..\..\..\..\..\Desktop\222.bmp">
      <Filter>资源文件</Filter>
    </Image>
    <Image Include="..\..\..\..\..\Desktop\lijifenxi.bmp">
      <Filter>资源文件</Filter>
    </Image>
    <Image Include="..\..\..\..\..\Desktop\saomiaolaji.bmp">
      <Filter>资源文件</Filter>
    </Image>
    <Image Include="..\..\..\..\..\Desktop\quanmiantijian.bmp">
      <Filter>资源文件</Filter>
    </Image>
    <Image Include="..\..\..\..\..\Desktop\homepage.bmp">
      <Filter>资源文件</Filter>
    </Image>
    <Image Include="..\..\..\..\..\Desktop\StartupManager.bmp">
      <Filter>资源文件</Filter>
    </Image>
    <Image Include="..\..\..\..\..\desktop\bitmap7.bmp">
      <Filter>资源文件</Filter>
    </Image>
    <Image Include="..\..\..\..\..\Desktop\1-1.bmp">
      <Filter>资源文件</Filter>
    </Image>
    <Image Include="..\..\..\..\..\Desktop\1-2.bmp">
      <Filter>资源文件</Filter>
    </Image>
    <Image Include="..\..\..\..\..\Desktop\yijiansaomiao.bmp">
      <Filter>资源文件</Filter>
    </Image>
    <Image Include="..\..\..\..\..\Desktop\图标\关机.bmp">
      <Filter>资源文件</Filter>
    </Image>
    <Image Include="..\..\..\..\..\Desktop\图标\显示.bmp">
      <Filter>资源文件</Filter>
    </Image>
    <Image Include="..\..\..\..\..\Desktop\图标\菜单.bmp">
      <Filter>资源文件</Filter>
    </Image>
    <Image Include="..\..\..\..\..\Desktop\图标\云.bmp">
      <Filter>资源文件</Filter>
    </Image>
    <Image Include="..\..\..\..\..\Desktop\图标\邮件.bmp">
      <Filter>资源文件</Filter>
    </Image>
    <Image Include="..\..\..\..\..\Desktop\图标\noun_232567_cc.bmp">
      <Filter>资源文件</Filter>
    </Image>
    <Image Include="..\..\..\..\..\Desktop\全面体检D.bmp">
      <Filter>资源文件</Filter>
    </Image>
    <Image Include="..\..\..\..\..\Desktop\全面体检h.bmp">
      <Filter>资源文件</Filter>
    </Image>
    <Image Include="..\..\..\..\..\Desktop\图片\闪电杀毒1h.bmp">
      <Filter>资源文件</Filter>
    </Image>
    <Image Include="..\..\..\..\..\Desktop\图片\闪电杀毒1d.bmp">
      <Filter>资源文件</Filter>
    </Image>
    <Image Include="..\..\..\..\..\Desktop\图片\闪电杀毒2h.bmp">
      <Filter>资源文件</Filter>
    </Image>
    <Image Include="..\..\..\..\..\Desktop\图片\闪电杀毒2d.bmp">
      <Filter>资源文件</Filter>
    </Image>
    <Image Include="..\..\..\..\..\Desktop\图片\一键扫描h.bmp">
      <Filter>资源文件</Filter>
    </Image>
    <Image Include="..\..\..\..\..\Desktop\图片\一键扫描d.bmp">
      <Filter>资源文件</Filter>
    </Image>
    <Image Include="..\..\..\..\..\Desktop\图片\扫描垃圾h.bmp">
      <Filter>资源文件</Filter>
    </Image>
    <Image Include="..\..\..\..\..\Desktop\图片\扫描垃圾d.bmp">
      <Filter>资源文件</Filter>
    </Image>
    <Image Include="..\..\..\..\..\Desktop\图标\noun_204906_cc.bmp">
      <Filter>资源文件</Filter>
    </Image>
    <Image Include="..\..\..\..\..\Desktop\图标\noun_204684_cc.bmp">
      <Filter>资源文件</Filter>
    </Image>
    <Image Include="..\..\..\..\..\Desktop\图标\noun_204903_cc.bmp">
      <Filter>资源文件</Filter>
    </Image>
    <Image Include="..\..\..\..\..\Desktop\图标\菜单1.bmp">
      <Filter>资源文件</Filter>
    </Image>
    <Image Include="..\..\..\..\..\Desktop\图标\菜单2.bmp">
      <Filter>资源文件</Filter>
    </Image>
    <Image Include="..\..\..\..\..\Desktop\图标\noun_8312_cc.bmp">
      <Filter>资源文件</Filter>
    </Image>
    <Image Include="..\..\..\..\..\Desktop\图标\noun_31920_cc.bmp">
      <Filter>资源文件</Filter>
    </Image>
    <Image Include="..\..\..\..\..\Desktop\图标\noun_2325167_cc.bmp">
      <Filter>资源文件</Filter>
    </Image>
    <Image Include="..\..\..\..\..\Desktop\图片\扫描垃圾背景.bmp">
      <Filter>资源文件</Filter>
    </Image>
    <Image Include="..\..\..\..\..\Desktop\图片\立即清理.bmp">
      <Filter>资源文件</Filter>
    </Image>
    <Image Include="..\..\..\..\..\Desktop\图片\立即清理_meitu_2.bmp">
      <Filter>资源文件</Filter>
    </Image>
    <Image Include="..\..\..\..\..\Desktop\图片\立即清理_meitu_3.bmp">
      <Filter>资源文件</Filter>
    </Image>
    <Image Include="..\..\..\..\..\Desktop\图标\内存优化.ico">
      <Filter>资源文件</Filter>
    </Image>
    <Image Include="..\..\..\..\..\Desktop\图片\电脑加速.bmp">
      <Filter>资源文件</Filter>
    </Image>
    <Image Include="..\..\..\..\..\Desktop\图片\37a383974f0ff47681ebddb585aeccb9.bmp">
      <Filter>资源文件</Filter>
    </Image>
    <Image Include="..\..\..\..\..\Desktop\图片\ooYBAFHbjqaIU5RvAAuU7swk5u0AAAvDgG6JDMAC5UG775.bmp">
      <Filter>资源文件</Filter>
    </Image>
    <Image Include="..\..\..\..\..\Desktop\图片\杀毒\全盘杀毒1.bmp">
      <Filter>资源文件</Filter>
    </Image>
    <Image Include="..\..\..\..\..\Desktop\图片\杀毒\全盘杀毒2.bmp">
      <Filter>资源文件</Filter>
    </Image>
    <Image Include="..\..\..\..\..\Desktop\图片\杀毒\全盘杀毒3.bmp">
      <Filter>资源文件</Filter>
    </Image>
    <Image Include="..\..\..\..\..\Desktop\图片\杀毒\指定位置1.bmp">
      <Filter>资源文件</Filter>
    </Image>
    <Image Include="..\..\..\..\..\Desktop\图片\杀毒\指定位置2.bmp">
      <Filter>资源文件</Filter>
    </Image>
    <Image Include="..\..\..\..\..\Desktop\图片\杀毒\指定位置3.bmp">
      <Filter>资源文件</Filter>
    </Image>
    <Image Include="..\..\..\..\..\Desktop\图片\切换\启动项.bmp">
      <Filter>资源文件</Filter>
    </Image>
    <Image Include="..\..\..\..\..\Desktop\图片\切换\18723_385938_632992.bmp">
      <Filter>资源文件</Filter>
    </Image>
    <Image Include="..\..\..\..\..\Desktop\图标\新建文件夹\返回_meitu_1.bmp">
      <Filter>资源文件</Filter>
    </Image>
    <Image Include="..\..\..\..\..\Desktop\图标\新建文件夹\返回_meitu_1_meitu_2.bmp">
      <Filter>资源文件</Filter>
    </Image>
    <Image Include="..\..\..\..\..\Desktop\图标\新建文件夹\返回_meitu_1_meitu_3.bmp">
      <Filter>资源文件</Filter>
    </Image>
    <Image Include="..\..\..\..\..\Desktop\图片\切换\指定.bmp">
      <Filter>资源文件</Filter>
    </Image>
    <Image Include="..\..\..\..\..\Desktop\图标\内存清理\闪电杀毒h_meitu_1.bmp">
      <Filter>资源文件</Filter>
    </Image>
    <Image Include="..\..\..\..\..\Desktop\图标\内存清理\闪电杀毒h_meitu_1_meitu_2.bmp">
      <Filter>资源文件</Filter>
    </Image>
    <Image Include="..\..\..\..\..\Desktop\图标\内存清理\闪电杀毒h_meitu_1_meitu_3.bmp">
      <Filter>资源文件</Filter>
    </Image>
    <Image Include="..\..\..\..\..\Desktop\图片\21.bmp">
      <Filter>资源文件</Filter>
    </Image>
    <Image Include="..\..\..\..\..\Desktop\图片\7681ebddb585aeccb9.bmp">
      <Filter>资源文件</Filter>
    </Image>
    <Image Include="..\..\..\..\..\Desktop\一直切换图片\e61190ef76c6a7ef844fdf3afdfaaf51f3de6644.bmp">
      <Filter>资源文件</Filter>
    </Image>
    <Image Include="..\..\..\..\..\Desktop\一直切换图片\s12.bmp">
      <Filter>资源文件</Filter>
    </Image>
  </ItemGroup>
</Project>